
Microsoft Visual Studio Solution File, Format Version 12.00
# Visual Studio Version 17
VisualStudioVersion = 17.8.34322.80
MinimumVisualStudioVersion = 10.0.40219.1
Project("{FAE04EC0-301F-11D3-BF4B-00C04F79EFBC}") = "PromptHub2.Server", "PromptHub2.Server\PromptHub2.Server.csproj", "{69CE027A-81E2-42C5-A671-775509CA869F}"
EndProject
Project("{54A90642-561A-4BB1-A94E-469ADEE60C69}") = "prompthub2.client", "prompthub2.client\prompthub2.client.esproj", "{133CAF36-21EB-42AF-AEF3-778AC828E7EB}"
EndProject
Global
	GlobalSection(SolutionConfigurationPlatforms) = preSolution
		Debug|Any CPU = Debug|Any CPU
		Release|Any CPU = Release|Any CPU
	EndGlobalSection
	GlobalSection(ProjectConfigurationPlatforms) = postSolution
		{69CE027A-81E2-42C5-A671-775509CA869F}.Debug|Any CPU.ActiveCfg = Debug|Any CPU
		{69CE027A-81E2-42C5-A671-775509CA869F}.Debug|Any CPU.Build.0 = Debug|Any CPU
		{69CE027A-81E2-42C5-A671-775509CA869F}.Release|Any CPU.ActiveCfg = Release|Any CPU
		{69CE027A-81E2-42C5-A671-775509CA869F}.Release|Any CPU.Build.0 = Release|Any CPU
		{133CAF36-21EB-42AF-AEF3-778AC828E7EB}.Debug|Any CPU.ActiveCfg = Debug|Any CPU
		{133CAF36-21EB-42AF-AEF3-778AC828E7EB}.Debug|Any CPU.Build.0 = Debug|Any CPU
		{133CAF36-21EB-42AF-AEF3-778AC828E7EB}.Debug|Any CPU.Deploy.0 = Debug|Any CPU
		{133CAF36-21EB-42AF-AEF3-778AC828E7EB}.Release|Any CPU.ActiveCfg = Release|Any CPU
		{133CAF36-21EB-42AF-AEF3-778AC828E7EB}.Release|Any CPU.Build.0 = Release|Any CPU
		{133CAF36-21EB-42AF-AEF3-778AC828E7EB}.Release|Any CPU.Deploy.0 = Release|Any CPU
	EndGlobalSection
	GlobalSection(SolutionProperties) = preSolution
		HideSolutionNode = FALSE
	EndGlobalSection
	GlobalSection(ExtensibilityGlobals) = postSolution
		SolutionGuid = {38CE9CE9-A367-4939-92EF-AF0B57BDD0EC}
	EndGlobalSection
EndGlobal
